
Microsoft Visual Studio Solution File, Format Version 12.00
# Visual Studio Version 16
VisualStudioVersion = 16.0.30011.22
MinimumVisualStudioVersion = 10.0.40219.1
Project("{FAE04EC0-301F-11D3-BF4B-00C04F79EFBC}") = "TryEkz", "TryEkz\TryEkz.csproj", "{ED1B0E25-7103-44DB-B2D3-3F7CDE78314C}"
EndProject
Global
	GlobalSection(SolutionConfigurationPlatforms) = preSolution
		Debug|Any CPU = Debug|Any CPU
		Release|Any CPU = Release|Any CPU
	EndGlobalSection
	GlobalSection(ProjectConfigurationPlatforms) = postSolution
		{ED1B0E25-7103-44DB-B2D3-3F7CDE78314C}.Debug|Any CPU.ActiveCfg = Debug|Any CPU
		{ED1B0E25-7103-44DB-B2D3-3F7CDE78314C}.Debug|Any CPU.Build.0 = Debug|Any CPU
		{ED1B0E25-7103-44DB-B2D3-3F7CDE78314C}.Release|Any CPU.ActiveCfg = Release|Any CPU
		{ED1B0E25-7103-44DB-B2D3-3F7CDE78314C}.Release|Any CPU.Build.0 = Release|Any CPU
	EndGlobalSection
	GlobalSection(SolutionProperties) = preSolution
		HideSolutionNode = FALSE
	EndGlobalSection
	GlobalSection(ExtensibilityGlobals) = postSolution
		SolutionGuid = {84F3F0E5-AA7A-4E89-8F21-783C364ADEB2}
	EndGlobalSection
EndGlobal
